
Microsoft Visual Studio Solution File, Format Version 12.00
# Visual Studio Version 17
VisualStudioVersion = 17.0.31903.59
MinimumVisualStudioVersion = 10.0.40219.1
Project("{FAE04EC0-301F-11D3-BF4B-00C04F79EFBC}") = "Application", "Application\Application.csproj", "{913B2CF8-D829-42FC-9851-03967B39AF9A}"
EndProject
Project("{FAE04EC0-301F-11D3-BF4B-00C04F79EFBC}") = "Domain", "Domain\Domain.csproj", "{1036B66D-0399-44F4-8BE4-8DE3E280968D}"
EndProject
Project("{FAE04EC0-301F-11D3-BF4B-00C04F79EFBC}") = "Infrastructure", "Infrastructure\Infrastructure.csproj", "{0BBC9FE0-26A9-4BEA-AE5E-E96753BEA7E2}"
EndProject
Project("{FAE04EC0-301F-11D3-BF4B-00C04F79EFBC}") = "Api", "Api\Api.csproj", "{C73E49D7-06BB-4E8A-91C1-4ED47591774D}"
EndProject
Project("{FAE04EC0-301F-11D3-BF4B-00C04F79EFBC}") = "Web", "Web\Web.csproj", "{7F0756F9-2B0C-479C-B4A3-B377F5DC2F3A}"
EndProject
Project("{2150E333-8FDC-42A3-9474-1A3956D46DE8}") = "Tests", "Tests", "{0AB3BF05-4346-4AA6-1389-037BE0695223}"
EndProject
Project("{FAE04EC0-301F-11D3-BF4B-00C04F79EFBC}") = "UnitTests", "Tests\UnitTests\UnitTests.csproj", "{A1709E12-8FFA-4275-8ED7-B1919C2464F2}"
EndProject
Global
	GlobalSection(SolutionConfigurationPlatforms) = preSolution
		Debug|Any CPU = Debug|Any CPU
		Debug|x64 = Debug|x64
		Debug|x86 = Debug|x86
		Release|Any CPU = Release|Any CPU
		Release|x64 = Release|x64
		Release|x86 = Release|x86
	EndGlobalSection
	GlobalSection(ProjectConfigurationPlatforms) = postSolution
		{913B2CF8-D829-42FC-9851-03967B39AF9A}.Debug|Any CPU.ActiveCfg = Debug|Any CPU
		{913B2CF8-D829-42FC-9851-03967B39AF9A}.Debug|Any CPU.Build.0 = Debug|Any CPU
		{913B2CF8-D829-42FC-9851-03967B39AF9A}.Debug|x64.ActiveCfg = Debug|Any CPU
		{913B2CF8-D829-42FC-9851-03967B39AF9A}.Debug|x64.Build.0 = Debug|Any CPU
		{913B2CF8-D829-42FC-9851-03967B39AF9A}.Debug|x86.ActiveCfg = Debug|Any CPU
		{913B2CF8-D829-42FC-9851-03967B39AF9A}.Debug|x86.Build.0 = Debug|Any CPU
		{913B2CF8-D829-42FC-9851-03967B39AF9A}.Release|Any CPU.ActiveCfg = Release|Any CPU
		{913B2CF8-D829-42FC-9851-03967B39AF9A}.Release|Any CPU.Build.0 = Release|Any CPU
		{913B2CF8-D829-42FC-9851-03967B39AF9A}.Release|x64.ActiveCfg = Release|Any CPU
		{913B2CF8-D829-42FC-9851-03967B39AF9A}.Release|x64.Build.0 = Release|Any CPU
		{913B2CF8-D829-42FC-9851-03967B39AF9A}.Release|x86.ActiveCfg = Release|Any CPU
		{913B2CF8-D829-42FC-9851-03967B39AF9A}.Release|x86.Build.0 = Release|Any CPU
		{1036B66D-0399-44F4-8BE4-8DE3E280968D}.Debug|Any CPU.ActiveCfg = Debug|Any CPU
		{1036B66D-0399-44F4-8BE4-8DE3E280968D}.Debug|Any CPU.Build.0 = Debug|Any CPU
		{1036B66D-0399-44F4-8BE4-8DE3E280968D}.Debug|x64.ActiveCfg = Debug|Any CPU
		{1036B66D-0399-44F4-8BE4-8DE3E280968D}.Debug|x64.Build.0 = Debug|Any CPU
		{1036B66D-0399-44F4-8BE4-8DE3E280968D}.Debug|x86.ActiveCfg = Debug|Any CPU
		{1036B66D-0399-44F4-8BE4-8DE3E280968D}.Debug|x86.Build.0 = Debug|Any CPU
		{1036B66D-0399-44F4-8BE4-8DE3E280968D}.Release|Any CPU.ActiveCfg = Release|Any CPU
		{1036B66D-0399-44F4-8BE4-8DE3E280968D}.Release|Any CPU.Build.0 = Release|Any CPU
		{1036B66D-0399-44F4-8BE4-8DE3E280968D}.Release|x64.ActiveCfg = Release|Any CPU
		{1036B66D-0399-44F4-8BE4-8DE3E280968D}.Release|x64.Build.0 = Release|Any CPU
		{1036B66D-0399-44F4-8BE4-8DE3E280968D}.Release|x86.ActiveCfg = Release|Any CPU
		{1036B66D-0399-44F4-8BE4-8DE3E280968D}.Release|x86.Build.0 = Release|Any CPU
		{0BBC9FE0-26A9-4BEA-AE5E-E96753BEA7E2}.Debug|Any CPU.ActiveCfg = Debug|Any CPU
		{0BBC9FE0-26A9-4BEA-AE5E-E96753BEA7E2}.Debug|Any CPU.Build.0 = Debug|Any CPU
		{0BBC9FE0-26A9-4BEA-AE5E-E96753BEA7E2}.Debug|x64.ActiveCfg = Debug|Any CPU
		{0BBC9FE0-26A9-4BEA-AE5E-E96753BEA7E2}.Debug|x64.Build.0 = Debug|Any CPU
		{0BBC9FE0-26A9-4BEA-AE5E-E96753BEA7E2}.Debug|x86.ActiveCfg = Debug|Any CPU
		{0BBC9FE0-26A9-4BEA-AE5E-E96753BEA7E2}.Debug|x86.Build.0 = Debug|Any CPU
		{0BBC9FE0-26A9-4BEA-AE5E-E96753BEA7E2}.Release|Any CPU.ActiveCfg = Release|Any CPU
		{0BBC9FE0-26A9-4BEA-AE5E-E96753BEA7E2}.Release|Any CPU.Build.0 = Release|Any CPU
		{0BBC9FE0-26A9-4BEA-AE5E-E96753BEA7E2}.Release|x64.ActiveCfg = Release|Any CPU
		{0BBC9FE0-26A9-4BEA-AE5E-E96753BEA7E2}.Release|x64.Build.0 = Release|Any CPU
		{0BBC9FE0-26A9-4BEA-AE5E-E96753BEA7E2}.Release|x86.ActiveCfg = Release|Any CPU
		{0BBC9FE0-26A9-4BEA-AE5E-E96753BEA7E2}.Release|x86.Build.0 = Release|Any CPU
		{C73E49D7-06BB-4E8A-91C1-4ED47591774D}.Debug|Any CPU.ActiveCfg = Debug|Any CPU
		{C73E49D7-06BB-4E8A-91C1-4ED47591774D}.Debug|Any CPU.Build.0 = Debug|Any CPU
		{C73E49D7-06BB-4E8A-91C1-4ED47591774D}.Debug|x64.ActiveCfg = Debug|Any CPU
		{C73E49D7-06BB-4E8A-91C1-4ED47591774D}.Debug|x64.Build.0 = Debug|Any CPU
		{C73E49D7-06BB-4E8A-91C1-4ED47591774D}.Debug|x86.ActiveCfg = Debug|Any CPU
		{C73E49D7-06BB-4E8A-91C1-4ED47591774D}.Debug|x86.Build.0 = Debug|Any CPU
		{C73E49D7-06BB-4E8A-91C1-4ED47591774D}.Release|Any CPU.ActiveCfg = Release|Any CPU
		{C73E49D7-06BB-4E8A-91C1-4ED47591774D}.Release|Any CPU.Build.0 = Release|Any CPU
		{C73E49D7-06BB-4E8A-91C1-4ED47591774D}.Release|x64.ActiveCfg = Release|Any CPU
		{C73E49D7-06BB-4E8A-91C1-4ED47591774D}.Release|x64.Build.0 = Release|Any CPU
		{C73E49D7-06BB-4E8A-91C1-4ED47591774D}.Release|x86.ActiveCfg = Release|Any CPU
		{C73E49D7-06BB-4E8A-91C1-4ED47591774D}.Release|x86.Build.0 = Release|Any CPU
		{7F0756F9-2B0C-479C-B4A3-B377F5DC2F3A}.Debug|Any CPU.ActiveCfg = Debug|Any CPU
		{7F0756F9-2B0C-479C-B4A3-B377F5DC2F3A}.Debug|Any CPU.Build.0 = Debug|Any CPU
		{7F0756F9-2B0C-479C-B4A3-B377F5DC2F3A}.Debug|x64.ActiveCfg = Debug|Any CPU
		{7F0756F9-2B0C-479C-B4A3-B377F5DC2F3A}.Debug|x64.Build.0 = Debug|Any CPU
		{7F0756F9-2B0C-479C-B4A3-B377F5DC2F3A}.Debug|x86.ActiveCfg = Debug|Any CPU
		{7F0756F9-2B0C-479C-B4A3-B377F5DC2F3A}.Debug|x86.Build.0 = Debug|Any CPU
		{7F0756F9-2B0C-479C-B4A3-B377F5DC2F3A}.Release|Any CPU.ActiveCfg = Release|Any CPU
		{7F0756F9-2B0C-479C-B4A3-B377F5DC2F3A}.Release|Any CPU.Build.0 = Release|Any CPU
		{7F0756F9-2B0C-479C-B4A3-B377F5DC2F3A}.Release|x64.ActiveCfg = Release|Any CPU
		{7F0756F9-2B0C-479C-B4A3-B377F5DC2F3A}.Release|x64.Build.0 = Release|Any CPU
		{7F0756F9-2B0C-479C-B4A3-B377F5DC2F3A}.Release|x86.ActiveCfg = Release|Any CPU
		{7F0756F9-2B0C-479C-B4A3-B377F5DC2F3A}.Release|x86.Build.0 = Release|Any CPU
		{A1709E12-8FFA-4275-8ED7-B1919C2464F2}.Debug|Any CPU.ActiveCfg = Debug|Any CPU
		{A1709E12-8FFA-4275-8ED7-B1919C2464F2}.Debug|Any CPU.Build.0 = Debug|Any CPU
		{A1709E12-8FFA-4275-8ED7-B1919C2464F2}.Debug|x64.ActiveCfg = Debug|Any CPU
		{A1709E12-8FFA-4275-8ED7-B1919C2464F2}.Debug|x64.Build.0 = Debug|Any CPU
		{A1709E12-8FFA-4275-8ED7-B1919C2464F2}.Debug|x86.ActiveCfg = Debug|Any CPU
		{A1709E12-8FFA-4275-8ED7-B1919C2464F2}.Debug|x86.Build.0 = Debug|Any CPU
		{A1709E12-8FFA-4275-8ED7-B1919C2464F2}.Release|Any CPU.ActiveCfg = Release|Any CPU
		{A1709E12-8FFA-4275-8ED7-B1919C2464F2}.Release|Any CPU.Build.0 = Release|Any CPU
		{A1709E12-8FFA-4275-8ED7-B1919C2464F2}.Release|x64.ActiveCfg = Release|Any CPU
		{A1709E12-8FFA-4275-8ED7-B1919C2464F2}.Release|x64.Build.0 = Release|Any CPU
		{A1709E12-8FFA-4275-8ED7-B1919C2464F2}.Release|x86.ActiveCfg = Release|Any CPU
		{A1709E12-8FFA-4275-8ED7-B1919C2464F2}.Release|x86.Build.0 = Release|Any CPU
	EndGlobalSection
	GlobalSection(SolutionProperties) = preSolution
		HideSolutionNode = FALSE
	EndGlobalSection
	GlobalSection(NestedProjects) = preSolution
		{A1709E12-8FFA-4275-8ED7-B1919C2464F2} = {0AB3BF05-4346-4AA6-1389-037BE0695223}
	EndGlobalSection
EndGlobal
